
Microsoft Visual Studio Solution File, Format Version 12.00
# Visual Studio Version 16
VisualStudioVersion = 16.0.33529.622
MinimumVisualStudioVersion = 10.0.40219.1
Project("{FAE04EC0-301F-11D3-BF4B-00C04F79EFBC}") = "Software_Technology_Company_Mgt_System", "Software_Technology_Company_Mgt_System.csproj", "{582EDD33-474D-4984-B677-78D3DCCD89AF}"
EndProject
Global
	GlobalSection(SolutionConfigurationPlatforms) = preSolution
		Debug|Any CPU = Debug|Any CPU
		Release|Any CPU = Release|Any CPU
	EndGlobalSection
	GlobalSection(ProjectConfigurationPlatforms) = postSolution
		{582EDD33-474D-4984-B677-78D3DCCD89AF}.Debug|Any CPU.ActiveCfg = Debug|Any CPU
		{582EDD33-474D-4984-B677-78D3DCCD89AF}.Debug|Any CPU.Build.0 = Debug|Any CPU
		{582EDD33-474D-4984-B677-78D3DCCD89AF}.Release|Any CPU.ActiveCfg = Release|Any CPU
		{582EDD33-474D-4984-B677-78D3DCCD89AF}.Release|Any CPU.Build.0 = Release|Any CPU
	EndGlobalSection
	GlobalSection(SolutionProperties) = preSolution
		HideSolutionNode = FALSE
	EndGlobalSection
	GlobalSection(ExtensibilityGlobals) = postSolution
		SolutionGuid = {A3A70A24-5297-4AE6-8F55-BF726C9723C9}
	EndGlobalSection
EndGlobal
