
Microsoft Visual Studio Solution File, Format Version 12.00
# Visual Studio Version 16
VisualStudioVersion = 16.0.32930.78
MinimumVisualStudioVersion = 10.0.40219.1
Project("{FAE04EC0-301F-11D3-BF4B-00C04F79EFBC}") = "Fork_Class_Mgt_System", "Fork_Class_Mgt_System.csproj", "{12707C0B-6CBF-4D8A-8159-7743F2A0A30C}"
EndProject
Global
	GlobalSection(SolutionConfigurationPlatforms) = preSolution
		Debug|Any CPU = Debug|Any CPU
		Release|Any CPU = Release|Any CPU
	EndGlobalSection
	GlobalSection(ProjectConfigurationPlatforms) = postSolution
		{12707C0B-6CBF-4D8A-8159-7743F2A0A30C}.Debug|Any CPU.ActiveCfg = Debug|Any CPU
		{12707C0B-6CBF-4D8A-8159-7743F2A0A30C}.Debug|Any CPU.Build.0 = Debug|Any CPU
		{12707C0B-6CBF-4D8A-8159-7743F2A0A30C}.Release|Any CPU.ActiveCfg = Release|Any CPU
		{12707C0B-6CBF-4D8A-8159-7743F2A0A30C}.Release|Any CPU.Build.0 = Release|Any CPU
	EndGlobalSection
	GlobalSection(SolutionProperties) = preSolution
		HideSolutionNode = FALSE
	EndGlobalSection
	GlobalSection(ExtensibilityGlobals) = postSolution
		SolutionGuid = {01282C70-045B-49CB-BD73-F81942B1680A}
	EndGlobalSection
EndGlobal
